{
  "nodes": {
    "flake-compat": {
      "flake": false,
      "locked": {
        "lastModified": 1696426674,
        "narHash": "sha256-kvjfFW7WAETZlt09AgDn1MrtKzP7t90Vf7vypd3OL1U=",
        "owner": "edolstra",
        "repo": "flake-compat",
        "rev": "0f9255e01c2351cc7d116c072cb317785dd33b33",
        "type": "github"
      },
      "original": {
        "owner": "edolstra",
        "repo": "flake-compat",
        "type": "github"
      }
    },
    "flake-parts": {
      "inputs": {
        "nixpkgs-lib": [
          "nixpkgs"
        ]
      },
      "locked": {
        "lastModified": 1772408722,
        "narHash": "sha256-rHuJtdcOjK7rAHpHphUb1iCvgkU3GpfvicLMwwnfMT0=",
        "owner": "hercules-ci",
        "repo": "flake-parts",
        "rev": "f20dc5d9b8027381c474144ecabc9034d6a839a3",
        "type": "github"
      },
      "original": {
        "owner": "hercules-ci",
        "repo": "flake-parts",
        "type": "github"
      }
    },
    "git-hooks-nix": {
      "inputs": {
        "flake-compat": "flake-compat",
        "gitignore": [
          "nix"
        ],
        "nixpkgs": [
          "nix",
          "nixpkgs"
        ]
      },
      "locked": {
        "lastModified": 1747372754,
        "narHash": "sha256-2Y53NGIX2vxfie1rOW0Qb86vjRZ7ngizoo+bnXU9D9k=",
        "rev": "80479b6ec16fefd9c1db3ea13aeb038c60530f46",
        "revCount": 1026,
        "type": "tarball",
        "url": "https://api.flakehub.com/f/pinned/cachix/git-hooks.nix/0.1.1026%2Brev-80479b6ec16fefd9c1db3ea13aeb038c60530f46/0196d79a-1b35-7b8e-a021-c894fb62163d/source.tar.gz"
      },
      "original": {
        "type": "tarball",
        "url": "https://flakehub.com/f/cachix/git-hooks.nix/0.1.941"
      }
    },
    "home-manager": {
      "inputs": {
        "nixpkgs": [
          "nixpkgs"
        ]
      },
      "locked": {
        "lastModified": 1774647770,
        "narHash": "sha256-UNNi14XiqRWWjO8ykbFwA5wRwx7EscsC+GItOVpuGjc=",
        "owner": "nix-community",
        "repo": "home-manager",
        "rev": "02371c05a04a2876cf92e2d67a259e8f87399068",
        "type": "github"
      },
      "original": {
        "owner": "nix-community",
        "ref": "master",
        "repo": "home-manager",
        "type": "github"
      }
    },
    "nix": {
      "inputs": {
        "flake-parts": [
          "flake-parts"
        ],
        "git-hooks-nix": "git-hooks-nix",
        "nixpkgs": "nixpkgs",
        "nixpkgs-23-11": [
          "nixpkgs"
        ],
        "nixpkgs-regression": [
          "nixpkgs"
        ]
      },
      "locked": {
        "lastModified": 1774642787,
        "narHash": "sha256-5pg3HyPEUj/AXXwOQAwyieyDx0c1/1rf7+EsOCa1rJM=",
        "owner": "DeterminateSystems",
        "repo": "nix-src",
        "rev": "cb9989b5b2329842fd7a2586429351d1ede16d04",
        "type": "github"
      },
      "original": {
        "owner": "DeterminateSystems",
        "ref": "v3.17.2",
        "repo": "nix-src",
        "type": "github"
      }
    },
    "nix-index-database": {
      "inputs": {
        "nixpkgs": [
          "nixpkgs"
        ]
      },
      "locked": {
        "lastModified": 1774156144,
        "narHash": "sha256-gdYe9wTPl4ignDyXUl1LlICWj41+S0GB5lG1fKP17+A=",
        "owner": "Mic92",
        "repo": "nix-index-database",
        "rev": "55b588747fa3d7fc351a11831c4b874dab992862",
        "type": "github"
      },
      "original": {
        "owner": "Mic92",
        "repo": "nix-index-database",
        "type": "github"
      }
    },
    "nix-on-droid": {
      "inputs": {
        "flake-parts": [
          "flake-parts"
        ],
        "home-manager": [
          "home-manager"
        ],
        "nixpkgs": [
          "nixpkgs"
        ]
      },
      "locked": {
        "lastModified": 1774685502,
        "narHash": "sha256-+TvdcJTUqWm4Cl3dvQNpp0p0NhMV2kGYdpjXepdliPQ=",
        "owner": "kyehn",
        "repo": "nix-on-droid",
        "rev": "ba91ea00e40825f884c7364752b9c3c42ea9fa92",
        "type": "github"
      },
      "original": {
        "owner": "kyehn",
        "repo": "nix-on-droid",
        "type": "github"
      }
    },
    "nixpkgs": {
      "locked": {
        "lastModified": 1761597516,
        "narHash": "sha256-wxX7u6D2rpkJLWkZ2E932SIvDJW8+ON/0Yy8+a5vsDU=",
        "rev": "daf6dc47aa4b44791372d6139ab7b25269184d55",
        "revCount": 811874,
        "type": "tarball",
        "url": "https://api.flakehub.com/f/pinned/NixOS/nixpkgs/0.2505.811874%2Brev-daf6dc47aa4b44791372d6139ab7b25269184d55/019a3494-3498-707e-9086-1fb81badc7fe/source.tar.gz"
      },
      "original": {
        "type": "tarball",
        "url": "https://flakehub.com/f/NixOS/nixpkgs/0.2505"
      }
    },
    "nixpkgs_2": {
      "locked": {
        "lastModified": 1774273680,
        "narHash": "sha256-a++tZ1RQsDb1I0NHrFwdGuRlR5TORvCEUksM459wKUA=",
        "owner": "NixOS",
        "repo": "nixpkgs",
        "rev": "fdc7b8f7b30fdbedec91b71ed82f36e1637483ed",
        "type": "github"
      },
      "original": {
        "owner": "NixOS",
        "ref": "nixpkgs-unstable",
        "repo": "nixpkgs",
        "type": "github"
      }
    },
    "root": {
      "inputs": {
        "flake-parts": "flake-parts",
        "home-manager": "home-manager",
        "nix": "nix",
        "nix-index-database": "nix-index-database",
        "nix-on-droid": "nix-on-droid",
        "nixpkgs": "nixpkgs_2"
      }
    }
  },
  "root": "root",
  "version": 7
}
